// !$*UTF8*$!
{
	archiveVersion = 1;
	classes = {
	};
	objectVersion = 77;
	objects = {

/* Begin PBXContainerItemProxy section */
		1C10FE702E73D79500363495 /* PBXContainerItemProxy */ = {
			isa = PBXContainerItemProxy;
			containerPortal = 1C10FE592E73D79300363495 /* Project object */;
			proxyType = 1;
			remoteGlobalIDString = 1C10FE602E73D79300363495;
			remoteInfo = Meletao;
		};
		1C10FE7A2E73D79500363495 /* PBXContainerItemProxy */ = {
			isa = PBXContainerItemProxy;
			containerPortal = 1C10FE592E73D79300363495 /* Project object */;
			proxyType = 1;
			remoteGlobalIDString = 1C10FE602E73D79300363495;
			remoteInfo = Meletao;
		};
/* End PBXContainerItemProxy section */

/* Begin PBXFileReference section */
		1C10FE612E73D79300363495 /* Meletao.app */ = {isa = PBXFileReference; explicitFileType = wrapper.application; includeInIndex = 0; path = Meletao.app; sourceTree = BUILT_PRODUCTS_DIR; };
		1C10FE6F2E73D79500363495 /* MeletaoTests.xctest */ = {isa = PBXFileReference; explicitFileType = wrapper.cfbundle; includeInIndex = 0; path = MeletaoTests.xctest; sourceTree = BUILT_PRODUCTS_DIR; };
		1C10FE792E73D79500363495 /* MeletaoUITests.xctest */ = {isa = PBXFileReference; explicitFileType = wrapper.cfbundle; includeInIndex = 0; path = MeletaoUITests.xctest; sourceTree = BUILT_PRODUCTS_DIR; };
/* End PBXFileReference section */

/* Begin PBXFileSystemSynchronizedRootGroup section */
		1C10FE632E73D79300363495 /* Meletao */ = {
			isa = PBXFileSystemSynchronizedRootGroup;
			path = Meletao;
			sourceTree = "<group>";
		};
		1C10FE722E73D79500363495 /* MeletaoTests */ = {
			isa = PBXFileSystemSynchronizedRootGroup;
			path = MeletaoTests;
			sourceTree = "<group>";
		};
		1C10FE7C2E73D79500363495 /* MeletaoUITests */ = {
			isa = PBXFileSystemSynchronizedRootGroup;
			path = MeletaoUITests;
			sourceTree = "<group>";
		};
/* End PBXFileSystemSynchronizedRootGroup section */

/* Begin PBXFrameworksBuildPhase section */
		1C10FE5E2E73D79300363495 /* Frameworks */ = {
			isa = PBXFrameworksBuildPhase;
			buildActionMask = 2147483647;
			files = (
			);
			runOnlyForDeploymentPostprocessing = 0;
		};
		1C10FE6C2E73D79500363495 /* Frameworks */ = {
			isa = PBXFrameworksBuildPhase;
			buildActionMask = 2147483647;
			files = (
			);
			runOnlyForDeploymentPostprocessing = 0;
		};
		1C10FE762E73D79500363495 /* Frameworks */ = {
			isa = PBXFrameworksBuildPhase;
			buildActionMask = 2147483647;
			files = (
			);
			runOnlyForDeploymentPostprocessing = 0;
		};
/* End PBXFrameworksBuildPhase section */

/* Begin PBXGroup section */
		1C10FE582E73D79300363495 = {
			isa = PBXGroup;
			children = (
				1C10FE632E73D79300363495 /* Meletao */,
				1C10FE722E73D79500363495 /* MeletaoTests */,
				1C10FE7C2E73D79500363495 /* MeletaoUITests */,
				1C10FE622E73D79300363495 /* Products */,
			);
			sourceTree = "<group>";
		};
		1C10FE622E73D79300363495 /* Products */ = {
			isa = PBXGroup;
			children = (
				1C10FE612E73D79300363495 /* Meletao.app */,
				1C10FE6F2E73D79500363495 /* MeletaoTests.xctest */,
				1C10FE792E73D79500363495 /* MeletaoUITests.xctest */,
			);
			name = Products;
			sourceTree = "<group>";
		};
/* End PBXGroup section */

/* Begin PBXNativeTarget section */
		1C10FE602E73D79300363495 /* Meletao */ = {
			isa = PBXNativeTarget;
			buildConfigurationList = 1C10FE832E73D79500363495 /* Build configuration list for PBXNativeTarget "Meletao" */;
			buildPhases = (
				1C10FE5D2E73D79300363495 /* Sources */,
				1C10FE5E2E73D79300363495 /* Frameworks */,
				1C10FE5F2E73D79300363495 /* Resources */,
			);
			buildRules = (
			);
			dependencies = (
			);
			fileSystemSynchronizedGroups = (
				1C10FE632E73D79300363495 /* Meletao */,
			);
			name = Meletao;
			packageProductDependencies = (
			);
			productName = Meletao;
			productReference = 1C10FE612E73D79300363495 /* Meletao.app */;
			productType = "com.apple.product-type.application";
		};
		1C10FE6E2E73D79500363495 /* MeletaoTests */ = {
			isa = PBXNativeTarget;
			buildConfigurationList = 1C10FE862E73D79500363495 /* Build configuration list for PBXNativeTarget "MeletaoTests" */;
			buildPhases = (
				1C10FE6B2E73D79500363495 /* Sources */,
				1C10FE6C2E73D79500363495 /* Frameworks */,
				1C10FE6D2E73D79500363495 /* Resources */,
			);
			buildRules = (
			);
			dependencies = (
				1C10FE712E73D79500363495 /* PBXTargetDependency */,
			);
			fileSystemSynchronizedGroups = (
				1C10FE722E73D79500363495 /* MeletaoTests */,
			);
			name = MeletaoTests;
			packageProductDependencies = (
			);
			productName = MeletaoTests;
			productReference = 1C10FE6F2E73D79500363495 /* MeletaoTests.xctest */;
			productType = "com.apple.product-type.bundle.unit-test";
		};
		1C10FE782E73D79500363495 /* MeletaoUITests */ = {
			isa = PBXNativeTarget;
			buildConfigurationList = 1C10FE892E73D79500363495 /* Build configuration list for PBXNativeTarget "MeletaoUITests" */;
			buildPhases = (
				1C10FE752E73D79500363495 /* Sources */,
				1C10FE762E73D79500363495 /* Frameworks */,
				1C10FE772E73D79500363495 /* Resources */,
			);
			buildRules = (
			);
			dependencies = (
				1C10FE7B2E73D79500363495 /* PBXTargetDependency */,
			);
			fileSystemSynchronizedGroups = (
				1C10FE7C2E73D79500363495 /* MeletaoUITests */,
			);
			name = MeletaoUITests;
			packageProductDependencies = (
			);
			productName = MeletaoUITests;
			productReference = 1C10FE792E73D79500363495 /* MeletaoUITests.xctest */;
			productType = "com.apple.product-type.bundle.ui-testing";
		};
/* End PBXNativeTarget section */

/* Begin PBXProject section */
		1C10FE592E73D79300363495 /* Project object */ = {
			isa = PBXProject;
			attributes = {
				BuildIndependentTargetsInParallel = 1;
				LastSwiftUpdateCheck = 1640;
				LastUpgradeCheck = 1640;
				TargetAttributes = {
					1C10FE602E73D79300363495 = {
						CreatedOnToolsVersion = 16.4;
					};
					1C10FE6E2E73D79500363495 = {
						CreatedOnToolsVersion = 16.4;
						TestTargetID = 1C10FE602E73D79300363495;
					};
					1C10FE782E73D79500363495 = {
						CreatedOnToolsVersion = 16.4;
						TestTargetID = 1C10FE602E73D79300363495;
					};
				};
			};
			buildConfigurationList = 1C10FE5C2E73D79300363495 /* Build configuration list for PBXProject "Meletao" */;
			developmentRegion = en;
			hasScannedForEncodings = 0;
			knownRegions = (
				en,
				Base,
			);
			mainGroup = 1C10FE582E73D79300363495;
			minimizedProjectReferenceProxies = 1;
			preferredProjectObjectVersion = 77;
			productRefGroup = 1C10FE622E73D79300363495 /* Products */;
			projectDirPath = "";
			projectRoot = "";
			targets = (
				1C10FE602E73D79300363495 /* Meletao */,
				1C10FE6E2E73D79500363495 /* MeletaoTests */,
				1C10FE782E73D79500363495 /* MeletaoUITests */,
			);
		};
/* End PBXProject section */

/* Begin PBXResourcesBuildPhase section */
		1C10FE5F2E73D79300363495 /* Resources */ = {
			isa = PBXResourcesBuildPhase;
			buildActionMask = 2147483647;
			files = (
			);
			runOnlyForDeploymentPostprocessing = 0;
		};
		1C10FE6D2E73D79500363495 /* Resources */ = {
			isa = PBXResourcesBuildPhase;
			buildActionMask = 2147483647;
			files = (
			);
			runOnlyForDeploymentPostprocessing = 0;
		};
		1C10FE772E73D79500363495 /* Resources */ = {
			isa = PBXResourcesBuildPhase;
			buildActionMask = 2147483647;
			files = (
			);
			runOnlyForDeploymentPostprocessing = 0;
		};
/* End PBXResourcesBuildPhase section */

/* Begin PBXSourcesBuildPhase section */
		1C10FE5D2E73D79300363495 /* Sources */ = {
			isa = PBXSourcesBuildPhase;
			buildActionMask = 2147483647;
			files = (
			);
			runOnlyForDeploymentPostprocessing = 0;
		};
		1C10FE6B2E73D79500363495 /* Sources */ = {
			isa = PBXSourcesBuildPhase;
			buildActionMask = 2147483647;
			files = (
			);
			runOnlyForDeploymentPostprocessing = 0;
		};
		1C10FE752E73D79500363495 /* Sources */ = {
			isa = PBXSourcesBuildPhase;
			buildActionMask = 2147483647;
			files = (
			);
			runOnlyForDeploymentPostprocessing = 0;
		};
/* End PBXSourcesBuildPhase section */

/* Begin PBXTargetDependency section */
		1C10FE712E73D79500363495 /* PBXTargetDependency */ = {
			isa = PBXTargetDependency;
			target = 1C10FE602E73D79300363495 /* Meletao */;
			targetProxy = 1C10FE702E73D79500363495 /* PBXContainerItemProxy */;
		};
		1C10FE7B2E73D79500363495 /* PBXTargetDependency */ = {
			isa = PBXTargetDependency;
			target = 1C10FE602E73D79300363495 /* Meletao */;
			targetProxy = 1C10FE7A2E73D79500363495 /* PBXContainerItemProxy */;
		};
/* End PBXTargetDependency section */

/* Begin XCBuildConfiguration section */
		1C10FE812E73D79500363495 /* Debug */ = {
			isa = XCBuildConfiguration;
			buildSettings = {
				ALWAYS_SEARCH_USER_PATHS = NO;
				ASSETCATALOG_COMPILER_GENERATE_SWIFT_ASSET_SYMBOL_EXTENSIONS = YES;
				CLANG_ANALYZER_NONNULL = YES;
				CLANG_ANALYZER_NUMBER_OBJECT_CONVERSION = YES_AGGRESSIVE;
				CLANG_CXX_LANGUAGE_STANDARD = "gnu++20";
				CLANG_ENABLE_MODULES = YES;
				CLANG_ENABLE_OBJC_ARC = YES;
				CLANG_ENABLE_OBJC_WEAK = YES;
				CLANG_WARN_BLOCK_CAPTURE_AUTORELEASING = YES;
				CLANG_WARN_BOOL_CONVERSION = YES;
				CLANG_WARN_COMMA = YES;
				CLANG_WARN_CONSTANT_CONVERSION = YES;
				CLANG_WARN_DEPRECATED_OBJC_IMPLEMENTATIONS = YES;
				CLANG_WARN_DIRECT_OBJC_ISA_USAGE = YES_ERROR;
				CLANG_WARN_DOCUMENTATION_COMMENTS = YES;
				CLANG_WARN_EMPTY_BODY = YES;
				CLANG_WARN_ENUM_CONVERSION = YES;
				CLANG_WARN_INFINITE_RECURSION = YES;
				CLANG_WARN_INT_CONVERSION = YES;
				CLANG_WARN_NON_LITERAL_NULL_CONVERSION = YES;
				CLANG_WARN_OBJC_IMPLICIT_RETAIN_SELF = YES;
				CLANG_WARN_OBJC_LITERAL_CONVERSION = YES;
				CLANG_WARN_OBJC_ROOT_CLASS = YES_ERROR;
				CLANG_WARN_QUOTED_INCLUDE_IN_FRAMEWORK_HEADER = YES;
				CLANG_WARN_RANGE_LOOP_ANALYSIS = YES;
				CLANG_WARN_STRICT_PROTOTYPES = YES;
				CLANG_WARN_SUSPICIOUS_MOVE = YES;
				CLANG_WARN_UNGUARDED_AVAILABILITY = YES_AGGRESSIVE;
				CLANG_WARN_UNREACHABLE_CODE = YES;
				CLANG_WARN__DUPLICATE_METHOD_MATCH = YES;
				COPY_PHASE_STRIP = NO;
				DEBUG_INFORMATION_FORMAT = dwarf;
				DEVELOPMENT_TEAM = 9YYZ7P7Y9Q;
				ENABLE_STRICT_OBJC_MSGSEND = YES;
				ENABLE_TESTABILITY = YES;
				ENABLE_USER_SCRIPT_SANDBOXING = YES;
				GCC_C_LANGUAGE_STANDARD = gnu17;
				GCC_DYNAMIC_NO_PIC = NO;
				GCC_NO_COMMON_BLOCKS = YES;
				GCC_OPTIMIZATION_LEVEL = 0;
				GCC_PREPROCESSOR_DEFINITIONS = (
					"DEBUG=1",
					"$(inherited)",
				);
				GCC_WARN_64_TO_32_BIT_CONVERSION = YES;
				GCC_WARN_ABOUT_RETURN_TYPE = YES_ERROR;
				GCC_WARN_UNDECLARED_SELECTOR = YES;
				GCC_WARN_UNINITIALIZED_AUTOS = YES_AGGRESSIVE;
				GCC_WARN_UNUSED_FUNCTION = YES;
				GCC_WARN_UNUSED_VARIABLE = YES;
				LOCALIZATION_PREFERS_STRING_CATALOGS = YES;
				MACOSX_DEPLOYMENT_TARGET = 15.5;
				MTL_ENABLE_DEBUG_INFO = INCLUDE_SOURCE;
				MTL_FAST_MATH = YES;
				ONLY_ACTIVE_ARCH = YES;
				SDKROOT = macosx;
				SWIFT_ACTIVE_COMPILATION_CONDITIONS = "DEBUG $(inherited)";
				SWIFT_OPTIMIZATION_LEVEL = "-Onone";
			};
			name = Debug;
		};
		1C10FE822E73D79500363495 /* Release */ = {
			isa = XCBuildConfiguration;
			buildSettings = {
				ALWAYS_SEARCH_USER_PATHS = NO;
				ASSETCATALOG_COMPILER_GENERATE_SWIFT_ASSET_SYMBOL_EXTENSIONS = YES;
				CLANG_ANALYZER_NONNULL = YES;
				CLANG_ANALYZER_NUMBER_OBJECT_CONVERSION = YES_AGGRESSIVE;
				CLANG_CXX_LANGUAGE_STANDARD = "gnu++20";
				CLANG_ENABLE_MODULES = YES;
				CLANG_ENABLE_OBJC_ARC = YES;
				CLANG_ENABLE_OBJC_WEAK = YES;
				CLANG_WARN_BLOCK_CAPTURE_AUTORELEASING = YES;
				CLANG_WARN_BOOL_CONVERSION = YES;
				CLANG_WARN_COMMA = YES;
				CLANG_WARN_CONSTANT_CONVERSION = YES;
				CLANG_WARN_DEPRECATED_OBJC_IMPLEMENTATIONS = YES;
				CLANG_WARN_DIRECT_OBJC_ISA_USAGE = YES_ERROR;
				CLANG_WARN_DOCUMENTATION_COMMENTS = YES;
				CLANG_WARN_EMPTY_BODY = YES;
				CLANG_WARN_ENUM_CONVERSION = YES;
				CLANG_WARN_INFINITE_RECURSION = YES;
				CLANG_WARN_INT_CONVERSION = YES;
				CLANG_WARN_NON_LITERAL_NULL_CONVERSION = YES;
				CLANG_WARN_OBJC_IMPLICIT_RETAIN_SELF = YES;
				CLANG_WARN_OBJC_LITERAL_CONVERSION = YES;
				CLANG_WARN_OBJC_ROOT_CLASS = YES_ERROR;
				CLANG_WARN_QUOTED_INCLUDE_IN_FRAMEWORK_HEADER = YES;
				CLANG_WARN_RANGE_LOOP_ANALYSIS = YES;
				CLANG_WARN_STRICT_PROTOTYPES = YES;
				CLANG_WARN_SUSPICIOUS_MOVE = YES;
				CLANG_WARN_UNGUARDED_AVAILABILITY = YES_AGGRESSIVE;
				CLANG_WARN_UNREACHABLE_CODE = YES;
				CLANG_WARN__DUPLICATE_METHOD_MATCH = YES;
				COPY_PHASE_STRIP = NO;
				DEBUG_INFORMATION_FORMAT = "dwarf-with-dsym";
				DEVELOPMENT_TEAM = 9YYZ7P7Y9Q;
				ENABLE_NS_ASSERTIONS = NO;
				ENABLE_STRICT_OBJC_MSGSEND = YES;
				ENABLE_USER_SCRIPT_SANDBOXING = YES;
				GCC_C_LANGUAGE_STANDARD = gnu17;
				GCC_NO_COMMON_BLOCKS = YES;
				GCC_WARN_64_TO_32_BIT_CONVERSION = YES;
				GCC_WARN_ABOUT_RETURN_TYPE = YES_ERROR;
				GCC_WARN_UNDECLARED_SELECTOR = YES;
				GCC_WARN_UNINITIALIZED_AUTOS = YES_AGGRESSIVE;
				GCC_WARN_UNUSED_FUNCTION = YES;
				GCC_WARN_UNUSED_VARIABLE = YES;
				LOCALIZATION_PREFERS_STRING_CATALOGS = YES;
				MACOSX_DEPLOYMENT_TARGET = 15.5;
				MTL_ENABLE_DEBUG_INFO = NO;
				MTL_FAST_MATH = YES;
				SDKROOT = macosx;
				SWIFT_COMPILATION_MODE = wholemodule;
			};
			name = Release;
		};
		1C10FE842E73D79500363495 /* Debug */ = {
			isa = XCBuildConfiguration;
			buildSettings = {
				ASSETCATALOG_COMPILER_APPICON_NAME = AppIcon;
				ASSETCATALOG_COMPILER_GLOBAL_ACCENT_COLOR_NAME = AccentColor;
				CODE_SIGN_ENTITLEMENTS = Meletao/Meletao.entitlements;
				CODE_SIGN_STYLE = Automatic;
				COMBINE_HIDPI_IMAGES = YES;
				CURRENT_PROJECT_VERSION = 1;
				DEVELOPMENT_TEAM = 9YYZ7P7Y9Q;
				ENABLE_HARDENED_RUNTIME = YES;
				ENABLE_PREVIEWS = YES;
				GENERATE_INFOPLIST_FILE = YES;
				INFOPLIST_KEY_NSHumanReadableCopyright = "";
				LD_RUNPATH_SEARCH_PATHS = (
					"$(inherited)",
					"@executable_path/../Frameworks",
				);
				MARKETING_VERSION = 1.0;
				PRODUCT_BUNDLE_IDENTIFIER = "Reflective-Technologies.Meletao";
				PRODUCT_NAME = "$(TARGET_NAME)";
				REGISTER_APP_GROUPS = YES;
				SWIFT_EMIT_LOC_STRINGS = YES;
				SWIFT_VERSION = 5.0;
			};
			name = Debug;
		};
		1C10FE852E73D79500363495 /* Release */ = {
			isa = XCBuildConfiguration;
			buildSettings = {
				ASSETCATALOG_COMPILER_APPICON_NAME = AppIcon;
				ASSETCATALOG_COMPILER_GLOBAL_ACCENT_COLOR_NAME = AccentColor;
				CODE_SIGN_ENTITLEMENTS = Meletao/Meletao.entitlements;
				CODE_SIGN_STYLE = Automatic;
				COMBINE_HIDPI_IMAGES = YES;
				CURRENT_PROJECT_VERSION = 1;
				DEVELOPMENT_TEAM = 9YYZ7P7Y9Q;
				ENABLE_HARDENED_RUNTIME = YES;
				ENABLE_PREVIEWS = YES;
				GENERATE_INFOPLIST_FILE = YES;
				INFOPLIST_KEY_NSHumanReadableCopyright = "";
				LD_RUNPATH_SEARCH_PATHS = (
					"$(inherited)",
					"@executable_path/../Frameworks",
				);
				MARKETING_VERSION = 1.0;
				PRODUCT_BUNDLE_IDENTIFIER = "Reflective-Technologies.Meletao";
				PRODUCT_NAME = "$(TARGET_NAME)";
				REGISTER_APP_GROUPS = YES;
				SWIFT_EMIT_LOC_STRINGS = YES;
				SWIFT_VERSION = 5.0;
			};
			name = Release;
		};
		1C10FE872E73D79500363495 /* Debug */ = {
			isa = XCBuildConfiguration;
			buildSettings = {
				BUNDLE_LOADER = "$(TEST_HOST)";
				CODE_SIGN_STYLE = Automatic;
				CURRENT_PROJECT_VERSION = 1;
				DEVELOPMENT_TEAM = 9YYZ7P7Y9Q;
				GENERATE_INFOPLIST_FILE = YES;
				MACOSX_DEPLOYMENT_TARGET = 15.5;
				MARKETING_VERSION = 1.0;
				PRODUCT_BUNDLE_IDENTIFIER = "Reflective-Technologies.MeletaoTests";
				PRODUCT_NAME = "$(TARGET_NAME)";
				SWIFT_EMIT_LOC_STRINGS = NO;
				SWIFT_VERSION = 5.0;
				TEST_HOST = "$(BUILT_PRODUCTS_DIR)/Meletao.app/$(BUNDLE_EXECUTABLE_FOLDER_PATH)/Meletao";
			};
			name = Debug;
		};
		1C10FE882E73D79500363495 /* Release */ = {
			isa = XCBuildConfiguration;
			buildSettings = {
				BUNDLE_LOADER = "$(TEST_HOST)";
				CODE_SIGN_STYLE = Automatic;
				CURRENT_PROJECT_VERSION = 1;
				DEVELOPMENT_TEAM = 9YYZ7P7Y9Q;
				GENERATE_INFOPLIST_FILE = YES;
				MACOSX_DEPLOYMENT_TARGET = 15.5;
				MARKETING_VERSION = 1.0;
				PRODUCT_BUNDLE_IDENTIFIER = "Reflective-Technologies.MeletaoTests";
				PRODUCT_NAME = "$(TARGET_NAME)";
				SWIFT_EMIT_LOC_STRINGS = NO;
				SWIFT_VERSION = 5.0;
				TEST_HOST = "$(BUILT_PRODUCTS_DIR)/Meletao.app/$(BUNDLE_EXECUTABLE_FOLDER_PATH)/Meletao";
			};
			name = Release;
		};
		1C10FE8A2E73D79500363495 /* Debug */ = {
			isa = XCBuildConfiguration;
			buildSettings = {
				CODE_SIGN_STYLE = Automatic;
				CURRENT_PROJECT_VERSION = 1;
				DEVELOPMENT_TEAM = 9YYZ7P7Y9Q;
				GENERATE_INFOPLIST_FILE = YES;
				MARKETING_VERSION = 1.0;
				PRODUCT_BUNDLE_IDENTIFIER = "Reflective-Technologies.MeletaoUITests";
				PRODUCT_NAME = "$(TARGET_NAME)";
				SWIFT_EMIT_LOC_STRINGS = NO;
				SWIFT_VERSION = 5.0;
				TEST_TARGET_NAME = Meletao;
			};
			name = Debug;
		};
		1C10FE8B2E73D79500363495 /* Release */ = {
			isa = XCBuildConfiguration;
			buildSettings = {
				CODE_SIGN_STYLE = Automatic;
				CURRENT_PROJECT_VERSION = 1;
				DEVELOPMENT_TEAM = 9YYZ7P7Y9Q;
				GENERATE_INFOPLIST_FILE = YES;
				MARKETING_VERSION = 1.0;
				PRODUCT_BUNDLE_IDENTIFIER = "Reflective-Technologies.MeletaoUITests";
				PRODUCT_NAME = "$(TARGET_NAME)";
				SWIFT_EMIT_LOC_STRINGS = NO;
				SWIFT_VERSION = 5.0;
				TEST_TARGET_NAME = Meletao;
			};
			name = Release;
		};
/* End XCBuildConfiguration section */

/* Begin XCConfigurationList section */
		1C10FE5C2E73D79300363495 /* Build configuration list for PBXProject "Meletao" */ = {
			isa = XCConfigurationList;
			buildConfigurations = (
				1C10FE812E73D79500363495 /* Debug */,
				1C10FE822E73D79500363495 /* Release */,
			);
			defaultConfigurationIsVisible = 0;
			defaultConfigurationName = Release;
		};
		1C10FE832E73D79500363495 /* Build configuration list for PBXNativeTarget "Meletao" */ = {
			isa = XCConfigurationList;
			buildConfigurations = (
				1C10FE842E73D79500363495 /* Debug */,
				1C10FE852E73D79500363495 /* Release */,
			);
			defaultConfigurationIsVisible = 0;
			defaultConfigurationName = Release;
		};
		1C10FE862E73D79500363495 /* Build configuration list for PBXNativeTarget "MeletaoTests" */ = {
			isa = XCConfigurationList;
			buildConfigurations = (
				1C10FE872E73D79500363495 /* Debug */,
				1C10FE882E73D79500363495 /* Release */,
			);
			defaultConfigurationIsVisible = 0;
			defaultConfigurationName = Release;
		};
		1C10FE892E73D79500363495 /* Build configuration list for PBXNativeTarget "MeletaoUITests" */ = {
			isa = XCConfigurationList;
			buildConfigurations = (
				1C10FE8A2E73D79500363495 /* Debug */,
				1C10FE8B2E73D79500363495 /* Release */,
			);
			defaultConfigurationIsVisible = 0;
			defaultConfigurationName = Release;
		};
/* End XCConfigurationList section */
	};
	rootObject = 1C10FE592E73D79300363495 /* Project object */;
}
